
Microsoft Visual Studio Solution File, Format Version 11.00
# Visual Studio 2010
Project("{FAE04EC0-301F-11D3-BF4B-00C04F79EFBC}") = "Converter", "Converter\Converter.csproj", "{AC8302FA-F176-4496-ACFA-53FAE68A85F0}"
EndProject
Global
	GlobalSection(SolutionConfigurationPlatforms) = preSolution
		Debug|x86 = Debug|x86
		Release|x86 = Release|x86
	EndGlobalSection
	GlobalSection(ProjectConfigurationPlatforms) = postSolution
		{AC8302FA-F176-4496-ACFA-53FAE68A85F0}.Debug|x86.ActiveCfg = Debug|x86
		{AC8302FA-F176-4496-ACFA-53FAE68A85F0}.Debug|x86.Build.0 = Debug|x86
		{AC8302FA-F176-4496-ACFA-53FAE68A85F0}.Release|x86.ActiveCfg = Release|x86
		{AC8302FA-F176-4496-ACFA-53FAE68A85F0}.Release|x86.Build.0 = Release|x86
	EndGlobalSection
	GlobalSection(SolutionProperties) = preSolution
		HideSolutionNode = FALSE
	EndGlobalSection
EndGlobal
